
Microsoft Visual Studio Solution File, Format Version 12.00
# Visual Studio 15
VisualStudioVersion = 15.0.27703.2035
MinimumVisualStudioVersion = 10.0.40219.1
Project("{FAE04EC0-301F-11D3-BF4B-00C04F79EFBC}") = "992b77de", "992b77de\992b77de.csproj", "{6EBCA43D-3360-4814-B244-3F8D777894B0}"
EndProject
Global
	GlobalSection(SolutionConfigurationPlatforms) = preSolution
		Debug|Any CPU = Debug|Any CPU
		Release|Any CPU = Release|Any CPU
	EndGlobalSection
	GlobalSection(ProjectConfigurationPlatforms) = postSolution
		{6EBCA43D-3360-4814-B244-3F8D777894B0}.Debug|Any CPU.ActiveCfg = Debug|Any CPU
		{6EBCA43D-3360-4814-B244-3F8D777894B0}.Debug|Any CPU.Build.0 = Debug|Any CPU
		{6EBCA43D-3360-4814-B244-3F8D777894B0}.Release|Any CPU.ActiveCfg = Release|Any CPU
		{6EBCA43D-3360-4814-B244-3F8D777894B0}.Release|Any CPU.Build.0 = Release|Any CPU
	EndGlobalSection
	GlobalSection(SolutionProperties) = preSolution
		HideSolutionNode = FALSE
	EndGlobalSection
	GlobalSection(ExtensibilityGlobals) = postSolution
		SolutionGuid = {28477C12-CB2B-4650-AE48-85C970855723}
	EndGlobalSection
EndGlobal
